
Microsoft Visual Studio Solution File, Format Version 12.00
# Visual Studio Version 16
VisualStudioVersion = 16.0.28803.452
MinimumVisualStudioVersion = 10.0.40219.1
Project("{9A19103F-16F7-4668-BE54-9A1E7A4F7556}") = "ApexLegendsApp", "ApexLegendsApp\ApexLegendsApp.csproj", "{8FACAFE3-DACC-4BC8-B25C-7AF8F75DCC1A}"
EndProject
Project("{FAE04EC0-301F-11D3-BF4B-00C04F79EFBC}") = "ApexLegendsApp.Android", "ApexLegendsApp.Android\ApexLegendsApp.Android.csproj", "{011E8EBC-6794-41BF-BDAD-53A6DC9DD07C}"
EndProject
Project("{FAE04EC0-301F-11D3-BF4B-00C04F79EFBC}") = "ApexLegendsApp.iOS", "ApexLegendsApp.iOS\ApexLegendsApp.iOS.csproj", "{6BEBD7FD-548C-4C1C-A5DB-9CD543F4AE9C}"
EndProject
Global
	GlobalSection(SolutionConfigurationPlatforms) = preSolution
		Ad-Hoc|Any CPU = Ad-Hoc|Any CPU
		Ad-Hoc|iPhone = Ad-Hoc|iPhone
		Ad-Hoc|iPhoneSimulator = Ad-Hoc|iPhoneSimulator
		AppStore|Any CPU = AppStore|Any CPU
		AppStore|iPhone = AppStore|iPhone
		AppStore|iPhoneSimulator = AppStore|iPhoneSimulator
		Debug|Any CPU = Debug|Any CPU
		Debug|iPhone = Debug|iPhone
		Debug|iPhoneSimulator = Debug|iPhoneSimulator
		Release|Any CPU = Release|Any CPU
		Release|iPhone = Release|iPhone
		Release|iPhoneSimulator = Release|iPhoneSimulator
	EndGlobalSection
	GlobalSection(ProjectConfigurationPlatforms) = postSolution
		{8FACAFE3-DACC-4BC8-B25C-7AF8F75DCC1A}.Ad-Hoc|Any CPU.ActiveCfg = Release|Any CPU
		{8FACAFE3-DACC-4BC8-B25C-7AF8F75DCC1A}.Ad-Hoc|Any CPU.Build.0 = Release|Any CPU
		{8FACAFE3-DACC-4BC8-B25C-7AF8F75DCC1A}.Ad-Hoc|iPhone.ActiveCfg = Debug|Any CPU
		{8FACAFE3-DACC-4BC8-B25C-7AF8F75DCC1A}.Ad-Hoc|iPhone.Build.0 = Debug|Any CPU
		{8FACAFE3-DACC-4BC8-B25C-7AF8F75DCC1A}.Ad-Hoc|iPhoneSimulator.ActiveCfg = Release|Any CPU
		{8FACAFE3-DACC-4BC8-B25C-7AF8F75DCC1A}.Ad-Hoc|iPhoneSimulator.Build.0 = Release|Any CPU
		{8FACAFE3-DACC-4BC8-B25C-7AF8F75DCC1A}.AppStore|Any CPU.ActiveCfg = Release|Any CPU
		{8FACAFE3-DACC-4BC8-B25C-7AF8F75DCC1A}.AppStore|Any CPU.Build.0 = Release|Any CPU
		{8FACAFE3-DACC-4BC8-B25C-7AF8F75DCC1A}.AppStore|iPhone.ActiveCfg = Debug|Any CPU
		{8FACAFE3-DACC-4BC8-B25C-7AF8F75DCC1A}.AppStore|iPhone.Build.0 = Debug|Any CPU
		{8FACAFE3-DACC-4BC8-B25C-7AF8F75DCC1A}.AppStore|iPhoneSimulator.ActiveCfg = Release|Any CPU
		{8FACAFE3-DACC-4BC8-B25C-7AF8F75DCC1A}.AppStore|iPhoneSimulator.Build.0 = Release|Any CPU
		{8FACAFE3-DACC-4BC8-B25C-7AF8F75DCC1A}.Debug|Any CPU.ActiveCfg = Debug|Any CPU
		{8FACAFE3-DACC-4BC8-B25C-7AF8F75DCC1A}.Debug|Any CPU.Build.0 = Debug|Any CPU
		{8FACAFE3-DACC-4BC8-B25C-7AF8F75DCC1A}.Debug|iPhone.ActiveCfg = Debug|Any CPU
		{8FACAFE3-DACC-4BC8-B25C-7AF8F75DCC1A}.Debug|iPhone.Build.0 = Debug|Any CPU
		{8FACAFE3-DACC-4BC8-B25C-7AF8F75DCC1A}.Debug|iPhoneSimulator.ActiveCfg = Debug|Any CPU
		{8FACAFE3-DACC-4BC8-B25C-7AF8F75DCC1A}.Debug|iPhoneSimulator.Build.0 = Debug|Any CPU
		{8FACAFE3-DACC-4BC8-B25C-7AF8F75DCC1A}.Release|Any CPU.ActiveCfg = Release|Any CPU
		{8FACAFE3-DACC-4BC8-B25C-7AF8F75DCC1A}.Release|Any CPU.Build.0 = Release|Any CPU
		{8FACAFE3-DACC-4BC8-B25C-7AF8F75DCC1A}.Release|iPhone.ActiveCfg = Release|Any CPU
		{8FACAFE3-DACC-4BC8-B25C-7AF8F75DCC1A}.Release|iPhone.Build.0 = Release|Any CPU
		{8FACAFE3-DACC-4BC8-B25C-7AF8F75DCC1A}.Release|iPhoneSimulator.ActiveCfg = Release|Any CPU
		{8FACAFE3-DACC-4BC8-B25C-7AF8F75DCC1A}.Release|iPhoneSimulator.Build.0 = Release|Any CPU
		{011E8EBC-6794-41BF-BDAD-53A6DC9DD07C}.Ad-Hoc|Any CPU.ActiveCfg = Release|Any CPU
		{011E8EBC-6794-41BF-BDAD-53A6DC9DD07C}.Ad-Hoc|Any CPU.Build.0 = Release|Any CPU
		{011E8EBC-6794-41BF-BDAD-53A6DC9DD07C}.Ad-Hoc|Any CPU.Deploy.0 = Release|Any CPU
		{011E8EBC-6794-41BF-BDAD-53A6DC9DD07C}.Ad-Hoc|iPhone.ActiveCfg = Debug|Any CPU
		{011E8EBC-6794-41BF-BDAD-53A6DC9DD07C}.Ad-Hoc|iPhone.Build.0 = Debug|Any CPU
		{011E8EBC-6794-41BF-BDAD-53A6DC9DD07C}.Ad-Hoc|iPhone.Deploy.0 = Debug|Any CPU
		{011E8EBC-6794-41BF-BDAD-53A6DC9DD07C}.Ad-Hoc|iPhoneSimulator.ActiveCfg = Release|Any CPU
		{011E8EBC-6794-41BF-BDAD-53A6DC9DD07C}.Ad-Hoc|iPhoneSimulator.Build.0 = Release|Any CPU
		{011E8EBC-6794-41BF-BDAD-53A6DC9DD07C}.Ad-Hoc|iPhoneSimulator.Deploy.0 = Release|Any CPU
		{011E8EBC-6794-41BF-BDAD-53A6DC9DD07C}.AppStore|Any CPU.ActiveCfg = Release|Any CPU
		{011E8EBC-6794-41BF-BDAD-53A6DC9DD07C}.AppStore|Any CPU.Build.0 = Release|Any CPU
		{011E8EBC-6794-41BF-BDAD-53A6DC9DD07C}.AppStore|Any CPU.Deploy.0 = Release|Any CPU
		{011E8EBC-6794-41BF-BDAD-53A6DC9DD07C}.AppStore|iPhone.ActiveCfg = Debug|Any CPU
		{011E8EBC-6794-41BF-BDAD-53A6DC9DD07C}.AppStore|iPhone.Build.0 = Debug|Any CPU
		{011E8EBC-6794-41BF-BDAD-53A6DC9DD07C}.AppStore|iPhone.Deploy.0 = Debug|Any CPU
		{011E8EBC-6794-41BF-BDAD-53A6DC9DD07C}.AppStore|iPhoneSimulator.ActiveCfg = Release|Any CPU
		{011E8EBC-6794-41BF-BDAD-53A6DC9DD07C}.AppStore|iPhoneSimulator.Build.0 = Release|Any CPU
		{011E8EBC-6794-41BF-BDAD-53A6DC9DD07C}.AppStore|iPhoneSimulator.Deploy.0 = Release|Any CPU
		{011E8EBC-6794-41BF-BDAD-53A6DC9DD07C}.Debug|Any CPU.ActiveCfg = Debug|Any CPU
		{011E8EBC-6794-41BF-BDAD-53A6DC9DD07C}.Debug|Any CPU.Build.0 = Debug|Any CPU
		{011E8EBC-6794-41BF-BDAD-53A6DC9DD07C}.Debug|Any CPU.Deploy.0 = Debug|Any CPU
		{011E8EBC-6794-41BF-BDAD-53A6DC9DD07C}.Debug|iPhone.ActiveCfg = Debug|Any CPU
		{011E8EBC-6794-41BF-BDAD-53A6DC9DD07C}.Debug|iPhone.Build.0 = Debug|Any CPU
		{011E8EBC-6794-41BF-BDAD-53A6DC9DD07C}.Debug|iPhone.Deploy.0 = Debug|Any CPU
		{011E8EBC-6794-41BF-BDAD-53A6DC9DD07C}.Debug|iPhoneSimulator.ActiveCfg = Debug|Any CPU
		{011E8EBC-6794-41BF-BDAD-53A6DC9DD07C}.Debug|iPhoneSimulator.Build.0 = Debug|Any CPU
		{011E8EBC-6794-41BF-BDAD-53A6DC9DD07C}.Debug|iPhoneSimulator.Deploy.0 = Debug|Any CPU
		{011E8EBC-6794-41BF-BDAD-53A6DC9DD07C}.Release|Any CPU.ActiveCfg = Release|Any CPU
		{011E8EBC-6794-41BF-BDAD-53A6DC9DD07C}.Release|Any CPU.Build.0 = Release|Any CPU
		{011E8EBC-6794-41BF-BDAD-53A6DC9DD07C}.Release|Any CPU.Deploy.0 = Release|Any CPU
		{011E8EBC-6794-41BF-BDAD-53A6DC9DD07C}.Release|iPhone.ActiveCfg = Release|Any CPU
		{011E8EBC-6794-41BF-BDAD-53A6DC9DD07C}.Release|iPhone.Build.0 = Release|Any CPU
		{011E8EBC-6794-41BF-BDAD-53A6DC9DD07C}.Release|iPhone.Deploy.0 = Release|Any CPU
		{011E8EBC-6794-41BF-BDAD-53A6DC9DD07C}.Release|iPhoneSimulator.ActiveCfg = Release|Any CPU
		{011E8EBC-6794-41BF-BDAD-53A6DC9DD07C}.Release|iPhoneSimulator.Build.0 = Release|Any CPU
		{011E8EBC-6794-41BF-BDAD-53A6DC9DD07C}.Release|iPhoneSimulator.Deploy.0 = Release|Any CPU
		{6BEBD7FD-548C-4C1C-A5DB-9CD543F4AE9C}.Ad-Hoc|Any CPU.ActiveCfg = Ad-Hoc|iPhoneSimulator
		{6BEBD7FD-548C-4C1C-A5DB-9CD543F4AE9C}.Ad-Hoc|iPhone.ActiveCfg = Ad-Hoc|iPhone
		{6BEBD7FD-548C-4C1C-A5DB-9CD543F4AE9C}.Ad-Hoc|iPhone.Build.0 = Ad-Hoc|iPhone
		{6BEBD7FD-548C-4C1C-A5DB-9CD543F4AE9C}.Ad-Hoc|iPhone.Deploy.0 = Ad-Hoc|iPhone
		{6BEBD7FD-548C-4C1C-A5DB-9CD543F4AE9C}.Ad-Hoc|iPhoneSimulator.ActiveCfg = Ad-Hoc|iPhoneSimulator
		{6BEBD7FD-548C-4C1C-A5DB-9CD543F4AE9C}.Ad-Hoc|iPhoneSimulator.Build.0 = Ad-Hoc|iPhoneSimulator
		{6BEBD7FD-548C-4C1C-A5DB-9CD543F4AE9C}.AppStore|Any CPU.ActiveCfg = AppStore|iPhoneSimulator
		{6BEBD7FD-548C-4C1C-A5DB-9CD543F4AE9C}.AppStore|iPhone.ActiveCfg = AppStore|iPhone
		{6BEBD7FD-548C-4C1C-A5DB-9CD543F4AE9C}.AppStore|iPhone.Build.0 = AppStore|iPhone
		{6BEBD7FD-548C-4C1C-A5DB-9CD543F4AE9C}.AppStore|iPhone.Deploy.0 = AppStore|iPhone
		{6BEBD7FD-548C-4C1C-A5DB-9CD543F4AE9C}.AppStore|iPhoneSimulator.ActiveCfg = AppStore|iPhoneSimulator
		{6BEBD7FD-548C-4C1C-A5DB-9CD543F4AE9C}.AppStore|iPhoneSimulator.Build.0 = AppStore|iPhoneSimulator
		{6BEBD7FD-548C-4C1C-A5DB-9CD543F4AE9C}.Debug|Any CPU.ActiveCfg = Debug|iPhoneSimulator
		{6BEBD7FD-548C-4C1C-A5DB-9CD543F4AE9C}.Debug|Any CPU.Build.0 = Debug|iPhoneSimulator
		{6BEBD7FD-548C-4C1C-A5DB-9CD543F4AE9C}.Debug|Any CPU.Deploy.0 = Debug|iPhoneSimulator
		{6BEBD7FD-548C-4C1C-A5DB-9CD543F4AE9C}.Debug|iPhone.ActiveCfg = Debug|iPhone
		{6BEBD7FD-548C-4C1C-A5DB-9CD543F4AE9C}.Debug|iPhone.Build.0 = Debug|iPhone
		{6BEBD7FD-548C-4C1C-A5DB-9CD543F4AE9C}.Debug|iPhone.Deploy.0 = Debug|iPhone
		{6BEBD7FD-548C-4C1C-A5DB-9CD543F4AE9C}.Debug|iPhoneSimulator.ActiveCfg = Debug|iPhoneSimulator
		{6BEBD7FD-548C-4C1C-A5DB-9CD543F4AE9C}.Debug|iPhoneSimulator.Build.0 = Debug|iPhoneSimulator
		{6BEBD7FD-548C-4C1C-A5DB-9CD543F4AE9C}.Debug|iPhoneSimulator.Deploy.0 = Debug|iPhoneSimulator
		{6BEBD7FD-548C-4C1C-A5DB-9CD543F4AE9C}.Release|Any CPU.ActiveCfg = Release|iPhoneSimulator
		{6BEBD7FD-548C-4C1C-A5DB-9CD543F4AE9C}.Release|Any CPU.Build.0 = Release|iPhoneSimulator
		{6BEBD7FD-548C-4C1C-A5DB-9CD543F4AE9C}.Release|Any CPU.Deploy.0 = Release|iPhoneSimulator
		{6BEBD7FD-548C-4C1C-A5DB-9CD543F4AE9C}.Release|iPhone.ActiveCfg = Release|iPhone
		{6BEBD7FD-548C-4C1C-A5DB-9CD543F4AE9C}.Release|iPhone.Build.0 = Release|iPhone
		{6BEBD7FD-548C-4C1C-A5DB-9CD543F4AE9C}.Release|iPhone.Deploy.0 = Release|iPhone
		{6BEBD7FD-548C-4C1C-A5DB-9CD543F4AE9C}.Release|iPhoneSimulator.ActiveCfg = Release|iPhoneSimulator
		{6BEBD7FD-548C-4C1C-A5DB-9CD543F4AE9C}.Release|iPhoneSimulator.Build.0 = Release|iPhoneSimulator
		{6BEBD7FD-548C-4C1C-A5DB-9CD543F4AE9C}.Release|iPhoneSimulator.Deploy.0 = Release|iPhoneSimulator
	EndGlobalSection
	GlobalSection(SolutionProperties) = preSolution
		HideSolutionNode = FALSE
	EndGlobalSection
	GlobalSection(ExtensibilityGlobals) = postSolution
		SolutionGuid = {7BCF4490-0BC3-4D83-A719-0F6AE9D96C07}
	EndGlobalSection
EndGlobal
